
Microsoft Visual Studio Solution File, Format Version 12.00
# Visual Studio Version 17
VisualStudioVersion = 17.2.32526.322
MinimumVisualStudioVersion = 10.0.40219.1
Project("{FAE04EC0-301F-11D3-BF4B-00C04F79EFBC}") = "Pulse_excitation_2D_system", "Pulse_excitation_2D_system\Pulse_excitation_2D_system.csproj", "{306C3B36-3CFC-4FAD-A0FD-84F279DD1DC9}"
EndProject
Global
	GlobalSection(SolutionConfigurationPlatforms) = preSolution
		Debug|Any CPU = Debug|Any CPU
		Release|Any CPU = Release|Any CPU
	EndGlobalSection
	GlobalSection(ProjectConfigurationPlatforms) = postSolution
		{306C3B36-3CFC-4FAD-A0FD-84F279DD1DC9}.Debug|Any CPU.ActiveCfg = Debug|Any CPU
		{306C3B36-3CFC-4FAD-A0FD-84F279DD1DC9}.Debug|Any CPU.Build.0 = Debug|Any CPU
		{306C3B36-3CFC-4FAD-A0FD-84F279DD1DC9}.Release|Any CPU.ActiveCfg = Release|Any CPU
		{306C3B36-3CFC-4FAD-A0FD-84F279DD1DC9}.Release|Any CPU.Build.0 = Release|Any CPU
	EndGlobalSection
	GlobalSection(SolutionProperties) = preSolution
		HideSolutionNode = FALSE
	EndGlobalSection
	GlobalSection(ExtensibilityGlobals) = postSolution
		SolutionGuid = {158EA2CE-E6E7-442A-A6CE-2D0A170B1B23}
	EndGlobalSection
EndGlobal
